
Microsoft Visual Studio Solution File, Format Version 12.00
# Visual Studio 2013
VisualStudioVersion = 12.0.30501.0
MinimumVisualStudioVersion = 10.0.40219.1
Project("{FAE04EC0-301F-11D3-BF4B-00C04F79EFBC}") = "lexical", "lexical\lexical.csproj", "{BE3E9A00-4594-4064-AA6F-5D334492350E}"
EndProject
Global
	GlobalSection(SolutionConfigurationPlatforms) = preSolution
		Debug|Any CPU = Debug|Any CPU
		Release|Any CPU = Release|Any CPU
	EndGlobalSection
	GlobalSection(ProjectConfigurationPlatforms) = postSolution
		{BE3E9A00-4594-4064-AA6F-5D334492350E}.Debug|Any CPU.ActiveCfg = Debug|Any CPU
		{BE3E9A00-4594-4064-AA6F-5D334492350E}.Debug|Any CPU.Build.0 = Debug|Any CPU
		{BE3E9A00-4594-4064-AA6F-5D334492350E}.Release|Any CPU.ActiveCfg = Release|Any CPU
		{BE3E9A00-4594-4064-AA6F-5D334492350E}.Release|Any CPU.Build.0 = Release|Any CPU
	EndGlobalSection
	GlobalSection(SolutionProperties) = preSolution
		HideSolutionNode = FALSE
	EndGlobalSection
EndGlobal
